github.com/boombuler/barcode v1.0.0 h1:s1TvRnXwL2xJRaccrdcBQMZxq6X7DvsMogtmJeHDdrc=
github.com/boombuler/barcode v1.0.0/go.mod h1:paBWMcWSl3LHKBqUq+rly7CNSldXjb2rDl3JlRe0mD8=
github.com/davecgh/go-spew v1.1.0 h1:ZDRjVQ15GmhC3fiQ8ni8+OwkZQO4DARzQgrnXU1Liz8=
github.com/davecgh/go-spew v1.1.0/go.mod h1:J7Y8YcW2NihsgmVo/mv3lAwl/skON4iLHjSsI+c5H38=
github.com/golang/image v0.0.0-20181116024801-cd38e8056d9b h1:560WQdaWjsfqNwVBNZLN3uPrHCoa0OiZkFIvb/x+PwE=
github.com/golang/image v0.0.0-20181116024801-cd38e8056d9b/go.mod h1:W3cvIh6MZCq53QRt4EH8hvU9HPLAPXNxfcoJxCiaTV4=
github.com/golang/text v0.3.0 h1:uI5zIUA9cg047ctlTptnVc0Ghjfurf2eZMFrod8R7v8=
github.com/golang/text v0.3.0/go.mod h1:GUiq9pdJKRKKAZXiVgWFEvocYuREvC14NhI4OPgEjeE=
github.com/gunnsth/pkcs7 v0.0.0-20181213175627-3cffc6fbfe83 h1:saj5dTV7eQ1wFg/gVZr1SfbkOmg8CYO9R8frHgQiyR4=
github.com/gunnsth/pkcs7 v0.0.0-20181213175627-3cffc6fbfe83/go.mod h1:xaGEIRenAiJcGgd9p62zbiP4993KaV3PdjczwGnP50I=
github.com/pmezard/go-difflib v1.0.0 h1:4DBwDE0NGyQoBHbLQYPwSUPoCMWR5BEzIk/f1lZbAQM=
github.com/pmezard/go-difflib v1.0.0/go.mod h1:iKH77koFhYxTK1pcRnkKkqfTogsbg7gZNVY4sRDYZ/4=
github.com/stretchr/objx v0.1.0/go.mod h1:HFkY916IF+rwdDfMAkV7OtwuqBVzrE8GR6GFx+wExME=
github.com/stretchr/testify v1.3.0 h1:TivCn/peBQ7UY8ooIcPgZFpTNSz0Q2U6UrFlUfqbe0Q=
github.com/stretchr/testify v1.3.0/go.mod h1:M5WIy9Dh21IEIfnGCwXGc5bZfKNJtfHm1UVUgZn+9EI=
